
Microsoft Visual Studio Solution File, Format Version 12.00
# Visual Studio 15
VisualStudioVersion = 15.0.27428.2037
MinimumVisualStudioVersion = 10.0.40219.1
Project("{8BC9CEB8-8B4A-11D0-8D11-00A0C91BC942}") = "Pacman", "Pacman\Pacman.vcxproj", "{CDC98801-4D54-4441-8C0E-CD09F0BC8479}"
EndProject
Global
	GlobalSection(SolutionConfigurationPlatforms) = preSolution
		Debug|x64 = Debug|x64
		Debug|x86 = Debug|x86
		Release|x64 = Release|x64
		Release|x86 = Release|x86
	EndGlobalSection
	GlobalSection(ProjectConfigurationPlatforms) = postSolution
		{CDC98801-4D54-4441-8C0E-CD09F0BC8479}.Debug|x64.ActiveCfg = Debug|x64
		{CDC98801-4D54-4441-8C0E-CD09F0BC8479}.Debug|x64.Build.0 = Debug|x64
		{CDC98801-4D54-4441-8C0E-CD09F0BC8479}.Debug|x86.ActiveCfg = Debug|Win32
		{CDC98801-4D54-4441-8C0E-CD09F0BC8479}.Debug|x86.Build.0 = Debug|Win32
		{CDC98801-4D54-4441-8C0E-CD09F0BC8479}.Release|x64.ActiveCfg = Release|x64
		{CDC98801-4D54-4441-8C0E-CD09F0BC8479}.Release|x64.Build.0 = Release|x64
		{CDC98801-4D54-4441-8C0E-CD09F0BC8479}.Release|x86.ActiveCfg = Release|Win32
		{CDC98801-4D54-4441-8C0E-CD09F0BC8479}.Release|x86.Build.0 = Release|Win32
	EndGlobalSection
	GlobalSection(SolutionProperties) = preSolution
		HideSolutionNode = FALSE
	EndGlobalSection
	GlobalSection(ExtensibilityGlobals) = postSolution
		SolutionGuid = {2875DB3D-7D4E-406E-967B-9B61CDE3F6B2}
	EndGlobalSection
EndGlobal
